
Microsoft Visual Studio Solution File, Format Version 12.00
# Visual Studio 2012
Project("{FAE04EC0-301F-11D3-BF4B-00C04F79EFBC}") = "JuiceCalculator", "JuiceCalculator\JuiceCalculator.csproj", "{7E1DAAE9-69D1-4C29-901F-7BF11E894998}"
EndProject
Project("{FAE04EC0-301F-11D3-BF4B-00C04F79EFBC}") = "Tests", "Tests\Tests.csproj", "{F968AC93-5E9E-4BCF-BB33-BF9FCEAE8AD0}"
EndProject
Project("{FAE04EC0-301F-11D3-BF4B-00C04F79EFBC}") = "JuiceCalculatorLibrary", "JuiceCalculatorLibrary\JuiceCalculatorLibrary.csproj", "{8C72D088-D288-4916-979E-62A4A2731098}"
EndProject
Global
	GlobalSection(SolutionConfigurationPlatforms) = preSolution
		Debug|Any CPU = Debug|Any CPU
		Release|Any CPU = Release|Any CPU
	EndGlobalSection
	GlobalSection(ProjectConfigurationPlatforms) = postSolution
		{7E1DAAE9-69D1-4C29-901F-7BF11E894998}.Debug|Any CPU.ActiveCfg = Debug|Any CPU
		{7E1DAAE9-69D1-4C29-901F-7BF11E894998}.Debug|Any CPU.Build.0 = Debug|Any CPU
		{7E1DAAE9-69D1-4C29-901F-7BF11E894998}.Release|Any CPU.ActiveCfg = Release|Any CPU
		{7E1DAAE9-69D1-4C29-901F-7BF11E894998}.Release|Any CPU.Build.0 = Release|Any CPU
		{F968AC93-5E9E-4BCF-BB33-BF9FCEAE8AD0}.Debug|Any CPU.ActiveCfg = Debug|Any CPU
		{F968AC93-5E9E-4BCF-BB33-BF9FCEAE8AD0}.Debug|Any CPU.Build.0 = Debug|Any CPU
		{F968AC93-5E9E-4BCF-BB33-BF9FCEAE8AD0}.Release|Any CPU.ActiveCfg = Release|Any CPU
		{F968AC93-5E9E-4BCF-BB33-BF9FCEAE8AD0}.Release|Any CPU.Build.0 = Release|Any CPU
		{8C72D088-D288-4916-979E-62A4A2731098}.Debug|Any CPU.ActiveCfg = Debug|Any CPU
		{8C72D088-D288-4916-979E-62A4A2731098}.Debug|Any CPU.Build.0 = Debug|Any CPU
		{8C72D088-D288-4916-979E-62A4A2731098}.Release|Any CPU.ActiveCfg = Release|Any CPU
		{8C72D088-D288-4916-979E-62A4A2731098}.Release|Any CPU.Build.0 = Release|Any CPU
	EndGlobalSection
	GlobalSection(SolutionProperties) = preSolution
		HideSolutionNode = FALSE
	EndGlobalSection
EndGlobal
